{
  "lockfileVersion": 1,
  "workspaces": {
    "": {
      "name": "raindrop-cli",
      "dependencies": {
        "@lasuillard/raindrop-client": "^0.7.3",
        "cli-table3": "^0.6.5",
        "commander": "^14.0.2",
        "picocolors": "^1.1.1",
      },
      "devDependencies": {
        "@types/bun": "latest",
        "@types/node": "^22",
        "lefthook": "^2.0.13",
        "oxlint": "^1.36.0",
        "oxlint-tsgolint": "^0.10.1",
        "prettier": "^3.7.4",
        "tasuku": "^2.0.5",
        "typescript": "^5.9.3",
      },
    },
  },
  "packages": {
    "@colors/colors": ["@colors/colors@1.5.0", "", {}, "sha512-ooWCrlZP11i8GImSjTHYHLkvFDP48nS4+204nGb1RiX/WXYHmJA2III9/e2DWVabCESdW7hBAEzHRqUn9OUVvQ=="],

    "@lasuillard/raindrop-client": ["@lasuillard/raindrop-client@0.7.3", "", { "dependencies": { "axios": "^1.6.8" } }, "sha512-QO0FR06DbhvLQp6Gv1CSSoZ8/hFVWt3p11DCOqQygFG+OLPnIaJc55fN+JriLqADHVOdKqtqus35muSIiqNMhQ=="],

    "@oxlint-tsgolint/darwin-arm64": ["@oxlint-tsgolint/darwin-arm64@0.10.1", "", { "os": "darwin", "cpu": "arm64" }, "sha512-KGC4++BeEqrIcmDHiJt/e6/860PWJmUJjjp0mE+smpBmRXMjmOFFjrPmN+ZyCyVgf1WdmhPkQXsRSPeTR+2omw=="],

    "@oxlint-tsgolint/darwin-x64": ["@oxlint-tsgolint/darwin-x64@0.10.1", "", { "os": "darwin", "cpu": "x64" }, "sha512-tvmrDgj3Q0tdc+zMWfCVLVq8EQDEUqasm1zaWgSMYIszpID6qdgqbT+OpWWXV9fLZgtvrkoXGwxkHAUJzdVZXQ=="],

    "@oxlint-tsgolint/linux-arm64": ["@oxlint-tsgolint/linux-arm64@0.10.1", "", { "os": "linux", "cpu": "arm64" }, "sha512-7kD28z6/ykGx8WetKTPRZt30pd+ziassxg/8cM24lhjUI+hNXyRHVtHes73dh9D6glJKno+1ut+3amUdZBZcpQ=="],

    "@oxlint-tsgolint/linux-x64": ["@oxlint-tsgolint/linux-x64@0.10.1", "", { "os": "linux", "cpu": "x64" }, "sha512-NmJmiqdzYUTHIxteSTyX6IFFgnIsOAjRWXfrS6Jbo5xlB3g39WHniSF3asB/khLJNtwSg4InUS34NprYM7zrEw=="],

    "@oxlint-tsgolint/win32-arm64": ["@oxlint-tsgolint/win32-arm64@0.10.1", "", { "os": "win32", "cpu": "arm64" }, "sha512-3KrT80vl3nXUkjuJI/z8dF6xWsKx0t9Tz4ZQHgQw3fYw+CoihBRWGklrdlmCz+EGfMyVaQLqBV9PZckhSqLe2A=="],

    "@oxlint-tsgolint/win32-x64": ["@oxlint-tsgolint/win32-x64@0.10.1", "", { "os": "win32", "cpu": "x64" }, "sha512-hW1fSJZVxG51sLdGq1sQjOzb1tsQ23z/BquJfUwL7CqBobxr7TJvGmoINL+9KryOJt0jCoaiMfWe4yoYw5XfIA=="],

    "@oxlint/darwin-arm64": ["@oxlint/darwin-arm64@1.36.0", "", { "os": "darwin", "cpu": "arm64" }, "sha512-MJkj82GH+nhvWKJhSIM6KlZ8tyGKdogSQXtNdpIyP02r/tTayFJQaAEWayG2Jhsn93kske+nimg5MYFhwO/rlg=="],

    "@oxlint/darwin-x64": ["@oxlint/darwin-x64@1.36.0", "", { "os": "darwin", "cpu": "x64" }, "sha512-VvEhfkqj/99dCTqOcfkyFXOSbx4lIy5u2m2GHbK4WCMDySokOcMTNRHGw8fH/WgQ5cDrDMSTYIGQTmnBGi9tiQ=="],

    "@oxlint/linux-arm64-gnu": ["@oxlint/linux-arm64-gnu@1.36.0", "", { "os": "linux", "cpu": "arm64" }, "sha512-EMx92X5q+hHc3olTuj/kgkx9+yP0p/AVs4yvHbUfzZhBekXNpUWxWvg4hIKmQWn+Ee2j4o80/0ACGO0hDYJ9mg=="],

    "@oxlint/linux-arm64-musl": ["@oxlint/linux-arm64-musl@1.36.0", "", { "os": "linux", "cpu": "arm64" }, "sha512-7YCxtrPIctVYLqWrWkk8pahdCxch6PtsaucfMLC7TOlDt4nODhnQd4yzEscKqJ8Gjrw1bF4g+Ngob1gB+Qr9Fw=="],

    "@oxlint/linux-x64-gnu": ["@oxlint/linux-x64-gnu@1.36.0", "", { "os": "linux", "cpu": "x64" }, "sha512-lnaJVlx5r3NWmoOMesfQXJSf78jHTn8Z+sdAf795Kgteo72+qGC1Uax2SToCJVN2J8PNG3oRV5bLriiCNR2i6Q=="],

    "@oxlint/linux-x64-musl": ["@oxlint/linux-x64-musl@1.36.0", "", { "os": "linux", "cpu": "x64" }, "sha512-AhuEU2Qdl66lSfTGu/Htirq8r/8q2YnZoG3yEXLMQWnPMn7efy8spD/N1NA7kH0Hll+cdfwgQkQqC2G4MS2lPQ=="],

    "@oxlint/win32-arm64": ["@oxlint/win32-arm64@1.36.0", "", { "os": "win32", "cpu": "arm64" }, "sha512-GlWCBjUJY2QgvBFuNRkiRJu7K/djLmM0UQKfZV8IN+UXbP/JbjZHWKRdd4LXlQmzoz7M5Hd6p+ElCej8/90FCg=="],

    "@oxlint/win32-x64": ["@oxlint/win32-x64@1.36.0", "", { "os": "win32", "cpu": "x64" }, "sha512-J+Vc00Utcf8p77lZPruQgb0QnQXuKnFogN88kCnOqs2a83I+vTBB8ILr0+L9sTwVRvIDMSC0pLdeQH4svWGFZg=="],

    "@types/bun": ["@types/bun@1.3.5", "", { "dependencies": { "bun-types": "1.3.5" } }, "sha512-RnygCqNrd3srIPEWBd5LFeUYG7plCoH2Yw9WaZGyNmdTEei+gWaHqydbaIRkIkcbXwhBT94q78QljxN0Sk838w=="],

    "@types/node": ["@types/node@22.19.3", "", { "dependencies": { "undici-types": "~6.21.0" } }, "sha512-1N9SBnWYOJTrNZCdh/yJE+t910Y128BoyY+zBLWhL3r0TYzlTmFdXrPwHL9DyFZmlEXNQQolTZh3KHV31QDhyA=="],

    "ansi-regex": ["ansi-regex@5.0.1", "", {}, "sha512-quJQXlTSUGL2LH9SUXo8VwsY4soanhgo6LNSm84E1LBcE8s3O0wpdiRzyR9z/ZZJMlMWv37qOOb9pdJlMUEKFQ=="],

    "asynckit": ["asynckit@0.4.0", "", {}, "sha512-Oei9OH4tRh0YqU3GxhX79dM/mwVgvbZJaSNaRk+bshkj0S5cfHcgYakreBjrHwatXKbz+IoIdYLxrKim2MjW0Q=="],

    "axios": ["axios@1.13.2", "", { "dependencies": { "follow-redirects": "^1.15.6", "form-data": "^4.0.4", "proxy-from-env": "^1.1.0" } }, "sha512-VPk9ebNqPcy5lRGuSlKx752IlDatOjT9paPlm8A7yOuW2Fbvp4X3JznJtT4f0GzGLLiWE9W8onz51SqLYwzGaA=="],

    "bun-types": ["bun-types@1.3.5", "", { "dependencies": { "@types/node": "*" } }, "sha512-inmAYe2PFLs0SUbFOWSVD24sg1jFlMPxOjOSSCYqUgn4Hsc3rDc7dFvfVYjFPNHtov6kgUeulV4SxbuIV/stPw=="],

    "call-bind-apply-helpers": ["call-bind-apply-helpers@1.0.2", "", { "dependencies": { "es-errors": "^1.3.0", "function-bind": "^1.1.2" } }, "sha512-Sp1ablJ0ivDkSzjcaJdxEunN5/XvksFJ2sMBFfq6x0ryhQV/2b/KwFe21cMpmHtPOSij8K99/wSfoEuTObmuMQ=="],

    "cli-table3": ["cli-table3@0.6.5", "", { "dependencies": { "string-width": "^4.2.0" }, "optionalDependencies": { "@colors/colors": "1.5.0" } }, "sha512-+W/5efTR7y5HRD7gACw9yQjqMVvEMLBHmboM/kPWam+H+Hmyrgjh6YncVKK122YZkXrLudzTuAukUw9FnMf7IQ=="],

    "combined-stream": ["combined-stream@1.0.8", "", { "dependencies": { "delayed-stream": "~1.0.0" } }, "sha512-FQN4MRfuJeHf7cBbBMJFXhKSDq+2kAArBlmRBvcvFE5BB1HZKXtSFASDhdlz9zOYwxh8lDdnvmMOe/+5cdoEdg=="],

    "commander": ["commander@14.0.2", "", {}, "sha512-TywoWNNRbhoD0BXs1P3ZEScW8W5iKrnbithIl0YH+uCmBd0QpPOA8yc82DS3BIE5Ma6FnBVUsJ7wVUDz4dvOWQ=="],

    "delayed-stream": ["delayed-stream@1.0.0", "", {}, "sha512-ZySD7Nf91aLB0RxL4KGrKHBXl7Eds1DAmEdcoVawXnLD7SDhpNgtuII2aAkg7a7QS41jxPSZ17p4VdGnMHk3MQ=="],

    "dunder-proto": ["dunder-proto@1.0.1", "", { "dependencies": { "call-bind-apply-helpers": "^1.0.1", "es-errors": "^1.3.0", "gopd": "^1.2.0" } }, "sha512-KIN/nDJBQRcXw0MLVhZE9iQHmG68qAVIBg9CqmUYjmQIhgij9U5MFvrqkUL5FbtyyzZuOeOt0zdeRe4UY7ct+A=="],

    "emoji-regex": ["emoji-regex@8.0.0", "", {}, "sha512-MSjYzcWNOA0ewAHpz0MxpYFvwg6yjy1NG3xteoqz644VCo/RPgnr1/GGt+ic3iJTzQ8Eu3TdM14SawnVUmGE6A=="],

    "es-define-property": ["es-define-property@1.0.1", "", {}, "sha512-e3nRfgfUZ4rNGL232gUgX06QNyyez04KdjFrF+LTRoOXmrOgFKDg4BCdsjW8EnT69eqdYGmRpJwiPVYNrCaW3g=="],

    "es-errors": ["es-errors@1.3.0", "", {}, "sha512-Zf5H2Kxt2xjTvbJvP2ZWLEICxA6j+hAmMzIlypy4xcBg1vKVnx89Wy0GbS+kf5cwCVFFzdCFh2XSCFNULS6csw=="],

    "es-object-atoms": ["es-object-atoms@1.1.1", "", { "dependencies": { "es-errors": "^1.3.0" } }, "sha512-FGgH2h8zKNim9ljj7dankFPcICIK9Cp5bm+c2gQSYePhpaG5+esrLODihIorn+Pe6FGJzWhXQotPv73jTaldXA=="],

    "es-set-tostringtag": ["es-set-tostringtag@2.1.0", "", { "dependencies": { "es-errors": "^1.3.0", "get-intrinsic": "^1.2.6", "has-tostringtag": "^1.0.2", "hasown": "^2.0.2" } }, "sha512-j6vWzfrGVfyXxge+O0x5sh6cvxAog0a/4Rdd2K36zCMV5eJ+/+tOAngRO8cODMNWbVRdVlmGZQL2YS3yR8bIUA=="],

    "follow-redirects": ["follow-redirects@1.15.11", "", {}, "sha512-deG2P0JfjrTxl50XGCDyfI97ZGVCxIpfKYmfyrQ54n5FO/0gfIES8C/Psl6kWVDolizcaaxZJnTS0QSMxvnsBQ=="],

    "form-data": ["form-data@4.0.5", "", { "dependencies": { "asynckit": "^0.4.0", "combined-stream": "^1.0.8", "es-set-tostringtag": "^2.1.0", "hasown": "^2.0.2", "mime-types": "^2.1.12" } }, "sha512-8RipRLol37bNs2bhoV67fiTEvdTrbMUYcFTiy3+wuuOnUog2QBHCZWXDRijWQfAkhBj2Uf5UnVaiWwA5vdd82w=="],

    "function-bind": ["function-bind@1.1.2", "", {}, "sha512-7XHNxH7qX9xG5mIwxkhumTox/MIRNcOgDrxWsMt2pAr23WHp6MrRlN7FBSFpCpr+oVO0F744iUgR82nJMfG2SA=="],

    "get-intrinsic": ["get-intrinsic@1.3.0", "", { "dependencies": { "call-bind-apply-helpers": "^1.0.2", "es-define-property": "^1.0.1", "es-errors": "^1.3.0", "es-object-atoms": "^1.1.1", "function-bind": "^1.1.2", "get-proto": "^1.0.1", "gopd": "^1.2.0", "has-symbols": "^1.1.0", "hasown": "^2.0.2", "math-intrinsics": "^1.1.0" } }, "sha512-9fSjSaos/fRIVIp+xSJlE6lfwhES7LNtKaCBIamHsjr2na1BiABJPo0mOjjz8GJDURarmCPGqaiVg5mfjb98CQ=="],

    "get-proto": ["get-proto@1.0.1", "", { "dependencies": { "dunder-proto": "^1.0.1", "es-object-atoms": "^1.0.0" } }, "sha512-sTSfBjoXBp89JvIKIefqw7U2CCebsc74kiY6awiGogKtoSGbgjYE/G/+l9sF3MWFPNc9IcoOC4ODfKHfxFmp0g=="],

    "gopd": ["gopd@1.2.0", "", {}, "sha512-ZUKRh6/kUFoAiTAtTYPZJ3hw9wNxx+BIBOijnlG9PnrJsCcSjs1wyyD6vJpaYtgnzDrKYRSqf3OO6Rfa93xsRg=="],

    "has-symbols": ["has-symbols@1.1.0", "", {}, "sha512-1cDNdwJ2Jaohmb3sg4OmKaMBwuC48sYni5HUw2DvsC8LjGTLK9h+eb1X6RyuOHe4hT0ULCW68iomhjUoKUqlPQ=="],

    "has-tostringtag": ["has-tostringtag@1.0.2", "", { "dependencies": { "has-symbols": "^1.0.3" } }, "sha512-NqADB8VjPFLM2V0VvHUewwwsw0ZWBaIdgo+ieHtK3hasLz4qeCRjYcqfB6AQrBggRKppKF8L52/VqdVsO47Dlw=="],

    "hasown": ["hasown@2.0.2", "", { "dependencies": { "function-bind": "^1.1.2" } }, "sha512-0hJU9SCPvmMzIBdZFqNPXWa6dqh7WdH0cII9y+CyS8rG3nL48Bclra9HmKhVVUHyPWNH5Y7xDwAB7bfgSjkUMQ=="],

    "is-fullwidth-code-point": ["is-fullwidth-code-point@3.0.0", "", {}, "sha512-zymm5+u+sCsSWyD9qNaejV3DFvhCKclKdizYaJUuHA83RLjb7nSuGnddCHGv0hk+KY7BMAlsWeK4Ueg6EV6XQg=="],

    "lefthook": ["lefthook@2.0.13", "", { "optionalDependencies": { "lefthook-darwin-arm64": "2.0.13", "lefthook-darwin-x64": "2.0.13", "lefthook-freebsd-arm64": "2.0.13", "lefthook-freebsd-x64": "2.0.13", "lefthook-linux-arm64": "2.0.13", "lefthook-linux-x64": "2.0.13", "lefthook-openbsd-arm64": "2.0.13", "lefthook-openbsd-x64": "2.0.13", "lefthook-windows-arm64": "2.0.13", "lefthook-windows-x64": "2.0.13" }, "bin": { "lefthook": "bin/index.js" } }, "sha512-D39rCVl7/GpqakvhQvqz07SBpzUWTvWjXKnBZyIy8O6D+Lf9xD6tnbHtG5nWXd9iPvv1AKGQwL9R/e5rNtV6SQ=="],

    "lefthook-darwin-arm64": ["lefthook-darwin-arm64@2.0.13", "", { "os": "darwin", "cpu": "arm64" }, "sha512-KbQqpNSNTugjtPzt97CNcy/XZy5asJ0+uSLoHc4ML8UCJdsXKYJGozJHNwAd0Xfci/rQlj82A7rPOuTdh0jY0Q=="],

    "lefthook-darwin-x64": ["lefthook-darwin-x64@2.0.13", "", { "os": "darwin", "cpu": "x64" }, "sha512-s/vI6sEE8/+rE6CONZzs59LxyuSc/KdU+/3adkNx+Q13R1+p/AvQNeszg3LAHzXmF3NqlxYf8jbj/z5vBzEpRw=="],

    "lefthook-freebsd-arm64": ["lefthook-freebsd-arm64@2.0.13", "", { "os": "freebsd", "cpu": "arm64" }, "sha512-iQeJTU7Zl8EJlCMQxNZQpJFAQ9xl40pydUIv5SYnbJ4nqIr9ONuvrioNv6N2LtKP5aBl1nIWQQ9vMjgVyb3k+A=="],

    "lefthook-freebsd-x64": ["lefthook-freebsd-x64@2.0.13", "", { "os": "freebsd", "cpu": "x64" }, "sha512-99cAXKRIzpq/u3obUXbOQJCHP+0ZkJbN3TF+1ZQZlRo3Y6+mPSCg9fh/oi6dgbtu4gTI5Ifz3o5p2KZzAIF9ZQ=="],

    "lefthook-linux-arm64": ["lefthook-linux-arm64@2.0.13", "", { "os": "linux", "cpu": "arm64" }, "sha512-RWarenY3kLy/DT4/8dY2bwDlYwlELRq9MIFq+FiMYmoBHES3ckWcLX2JMMlM49Y672paQc7MbneSrNUn/FQWhg=="],

    "lefthook-linux-x64": ["lefthook-linux-x64@2.0.13", "", { "os": "linux", "cpu": "x64" }, "sha512-QZRcxXGf8Uj/75ITBqoBh0zWhJE7+uFoRxEHwBq0Qjv55Q4KcFm7FBN/IFQCSd14reY5pmY3kDaWVVy60cAGJA=="],

    "lefthook-openbsd-arm64": ["lefthook-openbsd-arm64@2.0.13", "", { "os": "openbsd", "cpu": "arm64" }, "sha512-LAuOWwnNmOlRE0RxKMOhIz5Kr9tXi0rCjzXtDARW9lvfAV6Br2wP+47q0rqQ8m/nVwBYoxfJ/RDunLbb86O1nA=="],

    "lefthook-openbsd-x64": ["lefthook-openbsd-x64@2.0.13", "", { "os": "openbsd", "cpu": "x64" }, "sha512-n9TIN3QLncyxOHomiKKwzDFHKOCm5H28CVNAZFouKqDwEaUGCs5TJI88V85j4/CgmLVUU8uUn4ClVCxIWYG59w=="],

    "lefthook-windows-arm64": ["lefthook-windows-arm64@2.0.13", "", { "os": "win32", "cpu": "arm64" }, "sha512-sdSC4F9Di7y0t43Of9MOA5g/0CmvkM4juQ3sKfUhRcoygetLJn4PR2/pvuDOIaGf4mNMXBP5IrcKaeDON9HrcA=="],

    "lefthook-windows-x64": ["lefthook-windows-x64@2.0.13", "", { "os": "win32", "cpu": "x64" }, "sha512-ccl1v7Fl10qYoghEtjXN+JC1x/y/zLM/NSHf3NFGeKEGBNd1P5d/j6w8zVmhfzi+ekS8whXrcNbRAkLdAqUrSw=="],

    "math-intrinsics": ["math-intrinsics@1.1.0", "", {}, "sha512-/IXtbwEk5HTPyEwyKX6hGkYXxM9nbj64B+ilVJnC/R6B0pH5G4V3b0pVbL7DBj4tkhBAppbQUlf6F6Xl9LHu1g=="],

    "mime-db": ["mime-db@1.52.0", "", {}, "sha512-sPU4uV7dYlvtWJxwwxHD0PuihVNiE7TyAbQ5SWxDCB9mUYvOgroQOwYQQOKPJ8CIbE+1ETVlOoK1UC2nU3gYvg=="],

    "mime-types": ["mime-types@2.1.35", "", { "dependencies": { "mime-db": "1.52.0" } }, "sha512-ZDY+bPm5zTTF+YpCrAU9nK0UgICYPT0QtT1NZWFv4s++TNkcgVaT0g6+4R2uI4MjQjzysHB1zxuWL50hzaeXiw=="],

    "oxlint": ["oxlint@1.36.0", "", { "optionalDependencies": { "@oxlint/darwin-arm64": "1.36.0", "@oxlint/darwin-x64": "1.36.0", "@oxlint/linux-arm64-gnu": "1.36.0", "@oxlint/linux-arm64-musl": "1.36.0", "@oxlint/linux-x64-gnu": "1.36.0", "@oxlint/linux-x64-musl": "1.36.0", "@oxlint/win32-arm64": "1.36.0", "@oxlint/win32-x64": "1.36.0" }, "peerDependencies": { "oxlint-tsgolint": ">=0.10.0" }, "optionalPeers": ["oxlint-tsgolint"], "bin": { "oxc_language_server": "bin/oxc_language_server", "oxlint": "bin/oxlint" } }, "sha512-IicUdXfXgI8OKrDPnoSjvBfeEF8PkKtm+CoLlg4LYe4ypc8U+T4r7730XYshdBGZdelg+JRw8GtCb2w/KaaZvw=="],

    "oxlint-tsgolint": ["oxlint-tsgolint@0.10.1", "", { "optionalDependencies": { "@oxlint-tsgolint/darwin-arm64": "0.10.1", "@oxlint-tsgolint/darwin-x64": "0.10.1", "@oxlint-tsgolint/linux-arm64": "0.10.1", "@oxlint-tsgolint/linux-x64": "0.10.1", "@oxlint-tsgolint/win32-arm64": "0.10.1", "@oxlint-tsgolint/win32-x64": "0.10.1" }, "bin": { "tsgolint": "bin/tsgolint.js" } }, "sha512-EEHNdo5cW2w1xwYdBQ7d3IXDqWAtMkfVFrh+9gQ4kYbYJwygY4QXSh1eH80/xVipZdVKujAwBgg/nNNHk56kxQ=="],

    "picocolors": ["picocolors@1.1.1", "", {}, "sha512-xceH2snhtb5M9liqDsmEw56le376mTZkEX/jEb/RxNFyegNul7eNslCXP9FDj/Lcu0X8KEyMceP2ntpaHrDEVA=="],

    "prettier": ["prettier@3.7.4", "", { "bin": { "prettier": "bin/prettier.cjs" } }, "sha512-v6UNi1+3hSlVvv8fSaoUbggEM5VErKmmpGA7Pl3HF8V6uKY7rvClBOJlH6yNwQtfTueNkGVpOv/mtWL9L4bgRA=="],

    "proxy-from-env": ["proxy-from-env@1.1.0", "", {}, "sha512-D+zkORCbA9f1tdWRK0RaCR3GPv50cMxcrz4X8k5LTSUD1Dkw47mKJEZQNunItRTkWwgtaUSo1RVFRIG9ZXiFYg=="],

    "string-width": ["string-width@4.2.3", "", { "dependencies": { "emoji-regex": "^8.0.0", "is-fullwidth-code-point": "^3.0.0", "strip-ansi": "^6.0.1" } }, "sha512-wKyQRQpjJ0sIp62ErSZdGsjMJWsap5oRNihHhu6G7JVO/9jIB6UyevL+tXuOqrng8j/cxKTWyWUwvSTriiZz/g=="],

    "strip-ansi": ["strip-ansi@6.0.1", "", { "dependencies": { "ansi-regex": "^5.0.1" } }, "sha512-Y38VPSHcqkFrCpFnQ9vuSXmquuv5oXOKpGeT6aGrr3o3Gc9AlVa6JBfUSOCnbxGGZF+/0ooI7KrPuUSztUdU5A=="],

    "tasuku": ["tasuku@2.0.5", "", {}, "sha512-rb3fI9WGTKfzLgHhDiCJJoc/6uWlyuSuBiIPdHANPT3Ou0071BlIUiVnajnGfn4dOmLKkrmdHberWXd2EUcRjA=="],

    "typescript": ["typescript@5.9.3", "", { "bin": { "tsc": "bin/tsc", "tsserver": "bin/tsserver" } }, "sha512-jl1vZzPDinLr9eUt3J/t7V6FgNEw9QjvBPdysz9KfQDD41fQrC2Y4vKQdiaUpFT4bXlb1RHhLpp8wtm6M5TgSw=="],

    "undici-types": ["undici-types@6.21.0", "", {}, "sha512-iwDZqg0QAGrg9Rav5H4n0M64c3mkR59cJ6wQp+7C4nI0gsmExaedaYLNO44eT4AtBBwjbTiGPMlt2Md0T9H9JQ=="],
  }
}
